
Microsoft Visual Studio Solution File, Format Version 12.00
# Visual Studio Version 17
VisualStudioVersion = 17.5.002.0
MinimumVisualStudioVersion = 10.0.40219.1
Project("{9A19103F-16F7-4668-BE54-9A1E7A4F7556}") = "producer", "producer.csproj", "{B644F58F-867C-4B2E-9196-4993530A8648}"
EndProject
Global
	GlobalSection(SolutionConfigurationPlatforms) = preSolution
		Debug|Any CPU = Debug|Any CPU
		Release|Any CPU = Release|Any CPU
	EndGlobalSection
	GlobalSection(ProjectConfigurationPlatforms) = postSolution
		{B644F58F-867C-4B2E-9196-4993530A8648}.Debug|Any CPU.ActiveCfg = Debug|Any CPU
		{B644F58F-867C-4B2E-9196-4993530A8648}.Debug|Any CPU.Build.0 = Debug|Any CPU
		{B644F58F-867C-4B2E-9196-4993530A8648}.Release|Any CPU.ActiveCfg = Release|Any CPU
		{B644F58F-867C-4B2E-9196-4993530A8648}.Release|Any CPU.Build.0 = Release|Any CPU
	EndGlobalSection
	GlobalSection(SolutionProperties) = preSolution
		HideSolutionNode = FALSE
	EndGlobalSection
	GlobalSection(ExtensibilityGlobals) = postSolution
		SolutionGuid = {F9713238-C786-4B27-9950-7D02825126CF}
	EndGlobalSection
EndGlobal
